
Microsoft Visual Studio Solution File, Format Version 12.00
# Visual Studio Version 16
VisualStudioVersion = 16.0.30907.101
MinimumVisualStudioVersion = 10.0.40219.1
Project("{FAE04EC0-301F-11D3-BF4B-00C04F79EFBC}") = "lesson_1_C3_vlasoves", "lesson_1_C3_vlasoves\lesson_1_C3_vlasoves.csproj", "{1854CEBB-6775-4086-B31D-F361C87D3AE5}"
EndProject
Global
	GlobalSection(SolutionConfigurationPlatforms) = preSolution
		Debug|Any CPU = Debug|Any CPU
		Release|Any CPU = Release|Any CPU
	EndGlobalSection
	GlobalSection(ProjectConfigurationPlatforms) = postSolution
		{1854CEBB-6775-4086-B31D-F361C87D3AE5}.Debug|Any CPU.ActiveCfg = Debug|Any CPU
		{1854CEBB-6775-4086-B31D-F361C87D3AE5}.Debug|Any CPU.Build.0 = Debug|Any CPU
		{1854CEBB-6775-4086-B31D-F361C87D3AE5}.Release|Any CPU.ActiveCfg = Release|Any CPU
		{1854CEBB-6775-4086-B31D-F361C87D3AE5}.Release|Any CPU.Build.0 = Release|Any CPU
	EndGlobalSection
	GlobalSection(SolutionProperties) = preSolution
		HideSolutionNode = FALSE
	EndGlobalSection
	GlobalSection(ExtensibilityGlobals) = postSolution
		SolutionGuid = {38A9AAEB-62C7-4CA9-AAE8-B17BD94665DC}
	EndGlobalSection
EndGlobal
